
Microsoft Visual Studio Solution File, Format Version 12.00
# Visual Studio Version 16
VisualStudioVersion = 16.0.30517.126
MinimumVisualStudioVersion = 10.0.40219.1
Project("{FAE04EC0-301F-11D3-BF4B-00C04F79EFBC}") = "WPF-Layouts", "WPF-Layouts\WPF-Layouts.csproj", "{E9732647-2A1F-4C08-8392-0B4CFDB12893}"
EndProject
Global
	GlobalSection(SolutionConfigurationPlatforms) = preSolution
		Debug|Any CPU = Debug|Any CPU
		Release|Any CPU = Release|Any CPU
	EndGlobalSection
	GlobalSection(ProjectConfigurationPlatforms) = postSolution
		{E9732647-2A1F-4C08-8392-0B4CFDB12893}.Debug|Any CPU.ActiveCfg = Debug|Any CPU
		{E9732647-2A1F-4C08-8392-0B4CFDB12893}.Debug|Any CPU.Build.0 = Debug|Any CPU
		{E9732647-2A1F-4C08-8392-0B4CFDB12893}.Release|Any CPU.ActiveCfg = Release|Any CPU
		{E9732647-2A1F-4C08-8392-0B4CFDB12893}.Release|Any CPU.Build.0 = Release|Any CPU
	EndGlobalSection
	GlobalSection(SolutionProperties) = preSolution
		HideSolutionNode = FALSE
	EndGlobalSection
	GlobalSection(ExtensibilityGlobals) = postSolution
		SolutionGuid = {D40F28CD-B406-424E-B160-BE7131F02DF4}
	EndGlobalSection
EndGlobal
